
Microsoft Visual Studio Solution File, Format Version 12.00
# Visual Studio Version 16
VisualStudioVersion = 16.0.33423.256
MinimumVisualStudioVersion = 10.0.40219.1
Project("{FAE04EC0-301F-11D3-BF4B-00C04F79EFBC}") = "GithubTestProj", "GithubTestProj\GithubTestProj.csproj", "{6CCC984F-90D8-44D5-BBEE-25009EB503DD}"
EndProject
Global
	GlobalSection(SolutionConfigurationPlatforms) = preSolution
		Debug|Any CPU = Debug|Any CPU
		Release|Any CPU = Release|Any CPU
	EndGlobalSection
	GlobalSection(ProjectConfigurationPlatforms) = postSolution
		{6CCC984F-90D8-44D5-BBEE-25009EB503DD}.Debug|Any CPU.ActiveCfg = Debug|Any CPU
		{6CCC984F-90D8-44D5-BBEE-25009EB503DD}.Debug|Any CPU.Build.0 = Debug|Any CPU
		{6CCC984F-90D8-44D5-BBEE-25009EB503DD}.Release|Any CPU.ActiveCfg = Release|Any CPU
		{6CCC984F-90D8-44D5-BBEE-25009EB503DD}.Release|Any CPU.Build.0 = Release|Any CPU
	EndGlobalSection
	GlobalSection(SolutionProperties) = preSolution
		HideSolutionNode = FALSE
	EndGlobalSection
	GlobalSection(ExtensibilityGlobals) = postSolution
		SolutionGuid = {1FB5C918-D1B6-4E0A-951B-4B007D1BAC2F}
	EndGlobalSection
EndGlobal
